%{"bunt": {:hex, :bunt, "0.1.4"},
  "certifi": {:hex, :certifi, "0.4.0"},
  "combine": {:hex, :combine, "0.9.1"},
  "credo": {:hex, :credo, "0.3.0-dev2"},
  "gettext": {:hex, :gettext, "0.11.0"},
  "hackney": {:hex, :hackney, "1.6.0"},
  "httpoison": {:hex, :httpoison, "0.7.3"},
  "idna": {:hex, :idna, "1.2.0"},
  "metrics": {:hex, :metrics, "1.0.1"},
  "mimerl": {:hex, :mimerl, "1.0.2"},
  "poison": {:hex, :poison, "2.2.0"},
  "ssl_verify_fun": {:hex, :ssl_verify_fun, "1.1.0"},
  "ssl_verify_hostname": {:hex, :ssl_verify_hostname, "1.0.5"},
  "timex": {:hex, :timex, "2.2.1"},
  "tzdata": {:hex, :tzdata, "0.5.8"}}
