%{"bunt": {:hex, :bunt, "0.1.4"},
  "combine": {:hex, :combine, "0.5.2"},
  "credo": {:hex, :credo, "0.3.0-dev2"},
  "hackney": {:hex, :hackney, "1.3.2"},
  "httpoison": {:hex, :httpoison, "0.7.3"},
  "idna": {:hex, :idna, "1.0.2"},
  "poison": {:hex, :poison, "1.5.0"},
  "ssl_verify_hostname": {:hex, :ssl_verify_hostname, "1.0.5"},
  "timex": {:hex, :timex, "0.19.4"},
  "tzdata": {:hex, :tzdata, "0.5.2"}}
